# This file is automatically @generated by Cargo.
# It is not intended for manual editing.
version = 4

[[package]]
name = "cli-text-processor"
version = "0.1.0"

[[package]]
name = "week-01-ownership"
version = "0.1.0"

[[package]]
name = "week-02-borrowing"
version = "0.1.0"

[[package]]
name = "week-03-lifetimes-traits"
version = "0.1.0"

[[package]]
name = "week-04-generics"
version = "0.1.0"

[[package]]
name = "week-05-error-handling"
version = "0.1.0"

[[package]]
name = "week-06-enums"
version = "0.1.0"
